
Microsoft Visual Studio Solution File, Format Version 12.00
# Visual Studio Version 17
VisualStudioVersion = 17.1.31911.260
MinimumVisualStudioVersion = 10.0.40219.1
Project("{FAE04EC0-301F-11D3-BF4B-00C04F79EFBC}") = "EXABR3KR", "EXABR3KR.csproj", "{36F8CC9C-3D37-490B-90A5-EC8C584C31E5}"
EndProject
Global
	GlobalSection(SolutionConfigurationPlatforms) = preSolution
		Debug|x64 = Debug|x64
		Release|x64 = Release|x64
	EndGlobalSection
	GlobalSection(ProjectConfigurationPlatforms) = postSolution
		{36F8CC9C-3D37-490B-90A5-EC8C584C31E5}.Debug|x64.ActiveCfg = Debug|x64
		{36F8CC9C-3D37-490B-90A5-EC8C584C31E5}.Debug|x64.Build.0 = Debug|x64
		{36F8CC9C-3D37-490B-90A5-EC8C584C31E5}.Release|x64.ActiveCfg = Release|x64
		{36F8CC9C-3D37-490B-90A5-EC8C584C31E5}.Release|x64.Build.0 = Release|x64
	EndGlobalSection
	GlobalSection(SolutionProperties) = preSolution
		HideSolutionNode = FALSE
	EndGlobalSection
	GlobalSection(ExtensibilityGlobals) = postSolution
		SolutionGuid = {7A098CAE-27B8-4507-94C9-64B4CE71378C}
	EndGlobalSection
EndGlobal
